<?xml version="1.0" encoding="utf-8"?>
<Project ToolsVersion="4.0" xmlns="http://schemas.microsoft.com/developer/msbuild/2003">
  <ItemGroup>
    <Filter Include="Source Files">
      <UniqueIdentifier>{4FC737F1-C7A5-4376-A066-2A32D752A2FF}</UniqueIdentifier>
      <Extensions>cpp;c;cc;cxx;c++;cppm;ixx;def;odl;idl;hpj;bat;asm;asmx</Extensions>
    </Filter>
    <Filter Include="Header Files">
      <UniqueIdentifier>{93995380-89BD-4b04-88EB-625FBE52EBFB}</UniqueIdentifier>
      <Extensions>h;hh;hpp;hxx;h++;hm;inl;inc;ipp;xsd</Extensions>
    </Filter>
    <Filter Include="Resource Files">
      <UniqueIdentifier>{67DA6AB6-F800-4c08-8B7A-83BB121AAD01}</UniqueIdentifier>
      <Extensions>rc;ico;cur;bmp;dlg;rc2;rct;bin;rgs;gif;jpg;jpeg;jpe;resx;tiff;tif;png;wav;mfcribbon-ms</Extensions>
    </Filter>
    <Filter Include="Resource Files\WordList">
      <UniqueIdentifier>{6806bf97-1d5e-4533-a1af-9919eed9570f}</UniqueIdentifier>
    </Filter>
    <Filter Include="Resource Files\Sound">
      <UniqueIdentifier>{e02517c0-734c-4947-8164-886858ff7bfc}</UniqueIdentifier>
    </Filter>
    <Filter Include="Resource Files\Score">
      <UniqueIdentifier>{23cd1e0a-d857-4091-a726-ae91764b5241}</UniqueIdentifier>
    </Filter>
  </ItemGroup>
  <ItemGroup>
    <ClCompile Include="Hangman.cpp">
      <Filter>Source Files</Filter>
    </ClCompile>
    <ClCompile Include="start.cpp">
      <Filter>Source Files</Filter>
    </ClCompile>
    <ClCompile Include="renderingGame.cpp">
      <Filter>Source Files</Filter>
    </ClCompile>
    <ClCompile Include="draw.cpp">
      <Filter>Source Files</Filter>
    </ClCompile>
    <ClCompile Include="AIOrHuman.cpp">
      <Filter>Source Files</Filter>
    </ClCompile>
    <ClCompile Include="AiFuntion.cpp">
      <Filter>Source Files</Filter>
    </ClCompile>
    <ClCompile Include="AIGuess.cpp">
      <Filter>Source Files</Filter>
    </ClCompile>
  </ItemGroup>
  <ItemGroup>
    <Text Include="dictionary.txt">
      <Filter>Resource Files</Filter>
    </Text>
    <Text Include="easyAnimals.txt">
      <Filter>Resource Files\WordList</Filter>
    </Text>
    <Text Include="easyFood.txt">
      <Filter>Resource Files\WordList</Filter>
    </Text>
    <Text Include="easyScience.txt">
      <Filter>Resource Files\WordList</Filter>
    </Text>
    <Text Include="hardAnimals.txt">
      <Filter>Resource Files\WordList</Filter>
    </Text>
    <Text Include="hardScience.txt">
      <Filter>Resource Files\WordList</Filter>
    </Text>
    <Text Include="hardFood.txt">
      <Filter>Resource Files\WordList</Filter>
    </Text>
    <Text Include="mediumAnimals.txt">
      <Filter>Resource Files\WordList</Filter>
    </Text>
    <Text Include="mediumFood.txt">
      <Filter>Resource Files\WordList</Filter>
    </Text>
    <Text Include="mediumScience.txt">
      <Filter>Resource Files\WordList</Filter>
    </Text>
    <Text Include="HighScores_easy.txt">
      <Filter>Resource Files\Score</Filter>
    </Text>
    <Text Include="HighScores_hard.txt">
      <Filter>Resource Files\Score</Filter>
    </Text>
    <Text Include="HighScores_medium.txt">
      <Filter>Resource Files\Score</Filter>
    </Text>
  </ItemGroup>
  <ItemGroup>
    <ClInclude Include="draw.h">
      <Filter>Header Files</Filter>
    </ClInclude>
    <ClInclude Include="renderingGame.h">
      <Filter>Header Files</Filter>
    </ClInclude>
    <ClInclude Include="start.h">
      <Filter>Header Files</Filter>
    </ClInclude>
    <ClInclude Include="AIOrHuman.h">
      <Filter>Header Files</Filter>
    </ClInclude>
    <ClInclude Include="AiFuntion.h">
      <Filter>Header Files</Filter>
    </ClInclude>
    <ClInclude Include="AIGuess.h">
      <Filter>Header Files</Filter>
    </ClInclude>
  </ItemGroup>
  <ItemGroup>
    <Media Include="GameClear.wav">
      <Filter>Resource Files\Sound</Filter>
    </Media>
    <Media Include="GameOver.wav">
      <Filter>Resource Files\Sound</Filter>
    </Media>
    <Media Include="Papers, Please.wav">
      <Filter>Resource Files\Sound</Filter>
    </Media>
    <Media Include="Tetris.wav">
      <Filter>Resource Files\Sound</Filter>
    </Media>
    <Media Include="Bye, Have a Great Time!.wav">
      <Filter>Resource Files\Sound</Filter>
    </Media>
  </ItemGroup>
</Project>